
Microsoft Visual Studio Solution File, Format Version 12.00
# Visual Studio Version 17
VisualStudioVersion = 17.1.31911.260
MinimumVisualStudioVersion = 10.0.40219.1
Project("{9A19103F-16F7-4668-BE54-9A1E7A4F7556}") = "CursoJonadaXamarinWebAPI", "CursoJonadaXamarinWebAPI\CursoJonadaXamarinWebAPI.csproj", "{9C55D3E0-4B2C-46B8-BEC1-F2760FD5191A}"
EndProject
Project("{FAE04EC0-301F-11D3-BF4B-00C04F79EFBC}") = "DTOs", "DTOs\DTOs.csproj", "{2AEF6EDB-D887-4A01-8D6C-C08A102241F8}"
EndProject
Global
	GlobalSection(SolutionConfigurationPlatforms) = preSolution
		Debug|Any CPU = Debug|Any CPU
		Release|Any CPU = Release|Any CPU
	EndGlobalSection
	GlobalSection(ProjectConfigurationPlatforms) = postSolution
		{9C55D3E0-4B2C-46B8-BEC1-F2760FD5191A}.Debug|Any CPU.ActiveCfg = Debug|Any CPU
		{9C55D3E0-4B2C-46B8-BEC1-F2760FD5191A}.Debug|Any CPU.Build.0 = Debug|Any CPU
		{9C55D3E0-4B2C-46B8-BEC1-F2760FD5191A}.Release|Any CPU.ActiveCfg = Release|Any CPU
		{9C55D3E0-4B2C-46B8-BEC1-F2760FD5191A}.Release|Any CPU.Build.0 = Release|Any CPU
		{2AEF6EDB-D887-4A01-8D6C-C08A102241F8}.Debug|Any CPU.ActiveCfg = Debug|Any CPU
		{2AEF6EDB-D887-4A01-8D6C-C08A102241F8}.Debug|Any CPU.Build.0 = Debug|Any CPU
		{2AEF6EDB-D887-4A01-8D6C-C08A102241F8}.Release|Any CPU.ActiveCfg = Release|Any CPU
		{2AEF6EDB-D887-4A01-8D6C-C08A102241F8}.Release|Any CPU.Build.0 = Release|Any CPU
	EndGlobalSection
	GlobalSection(SolutionProperties) = preSolution
		HideSolutionNode = FALSE
	EndGlobalSection
	GlobalSection(ExtensibilityGlobals) = postSolution
		SolutionGuid = {369A62BE-3B38-4BC1-AE51-6EBA05F57872}
	EndGlobalSection
EndGlobal
